# This file was autogenerated by Stack.
# You should not edit this file by hand.
# For more information, please see the documentation at:
#   https://docs.haskellstack.org/en/stable/lock_files

packages:
- completed:
    hackage: minisat-solver-0.1@sha256:e2ff11b1ca8c66e43f8bb2e04f21bd1b812efb94ff215d74f998c928e7e92dcd,5210
    pantry-tree:
      size: 1380
      sha256: 7069840ec036fb69a2eb67198d85852c02f799713112d3be27f09949537b1bd4
  original:
    hackage: minisat-solver-0.1@sha256:e2ff11b1ca8c66e43f8bb2e04f21bd1b812efb94ff215d74f998c928e7e92dcd,5210
- completed:
    hackage: parallel-io-0.3.5@sha256:97db32eb84b3141f4957f6d208c0ef8adce647cbf68099417e93c7d9a45f9b35,3482
    pantry-tree:
      size: 706
      sha256: 9c81a6a331620aca19c7f8cfb88df2a9584346820687d75147b2a7bab87e112b
  original:
    hackage: parallel-io-0.3.5@sha256:97db32eb84b3141f4957f6d208c0ef8adce647cbf68099417e93c7d9a45f9b35,3482
snapshots:
- completed:
    size: 587393
    url: https://raw.githubusercontent.com/commercialhaskell/stackage-snapshots/master/lts/18/25.yaml
    sha256: 1b74fb5e970497b5aefae56703f1bd44aa648bd1a5ef95c1eb8c29775087e2bf
  original:
    url: https://raw.githubusercontent.com/commercialhaskell/stackage-snapshots/master/lts/18/25.yaml
