# This file was autogenerated by Stack.
# You should not edit this file by hand.
# For more information, please see the documentation at:
#   https://docs.haskellstack.org/en/stable/lock_files

packages:
- completed:
    hackage: picosat-0.1.6@sha256:7d3130af636c6c8a0b373446a090daa15511d6cb0b264f4b921fa5d4a81b59a3,2138
    pantry-tree:
      size: 541
      sha256: 4cb3a66ee7b3ca57b680ebe41815a5965b0860d191cdf08787bb78d0e2fb650b
  original:
    hackage: picosat-0.1.6@sha256:7d3130af636c6c8a0b373446a090daa15511d6cb0b264f4b921fa5d4a81b59a3,2138
- completed:
    hackage: GLFW-b-1.4.8.4@sha256:b35242b401ac3235753f2bdfdfd07981f531e1d0457928caafb1db3801df40bc,2284
    pantry-tree:
      size: 482
      sha256: 8100262bac57570cc0d33cee874a6a1bcfcffdad224bbf6eea33c0032fd9fa52
  original:
    hackage: GLFW-b-1.4.8.4@sha256:b35242b401ac3235753f2bdfdfd07981f531e1d0457928caafb1db3801df40bc,2284
snapshots:
- completed:
    size: 587393
    url: https://raw.githubusercontent.com/commercialhaskell/stackage-snapshots/master/lts/18/25.yaml
    sha256: 1b74fb5e970497b5aefae56703f1bd44aa648bd1a5ef95c1eb8c29775087e2bf
  original:
    url: https://raw.githubusercontent.com/commercialhaskell/stackage-snapshots/master/lts/18/25.yaml
